// !$*UTF8*$!
{
	archiveVersion = 1;
	classes = {
	};
	objectVersion = 46;
	objects = {

/* Begin PBXBuildFile section */
		CE09CDF01D3B72AE00B04E5B /* AppDelegate.swift in Sources */ = {isa = PBXBuildFile; fileRef = CE09CDEF1D3B72AE00B04E5B /* AppDelegate.swift */; };
		CE09CDF71D3B72AE00B04E5B /* Assets.xcassets in Resources */ = {isa = PBXBuildFile; fileRef = CE09CDF61D3B72AE00B04E5B /* Assets.xcassets */; };
		CE09CDFA1D3B72AE00B04E5B /* LaunchScreen.storyboard in Resources */ = {isa = PBXBuildFile; fileRef = CE09CDF81D3B72AE00B04E5B /* LaunchScreen.storyboard */; };
		CE09CE051D3B72AE00B04E5B /* FlickrSpikeTests.swift in Sources */ = {isa = PBXBuildFile; fileRef = CE09CE041D3B72AE00B04E5B /* FlickrSpikeTests.swift */; };
		CE09CE101D3B72AE00B04E5B /* FlickrSpikeUITests.swift in Sources */ = {isa = PBXBuildFile; fileRef = CE09CE0F1D3B72AE00B04E5B /* FlickrSpikeUITests.swift */; };
		CE09CE581D3B79DA00B04E5B /* Constants.swift in Sources */ = {isa = PBXBuildFile; fileRef = CE09CE571D3B79DA00B04E5B /* Constants.swift */; };
		CE0FF28D1D3E145300962FB5 /* Strings.swift in Sources */ = {isa = PBXBuildFile; fileRef = CE0FF28C1D3E145300962FB5 /* Strings.swift */; };
		CE0FF28F1D3E28DE00962FB5 /* ErrorMessageView.swift in Sources */ = {isa = PBXBuildFile; fileRef = CE0FF28E1D3E28DE00962FB5 /* ErrorMessageView.swift */; };
		CE0FF2911D3E2A2600962FB5 /* Errors.swift in Sources */ = {isa = PBXBuildFile; fileRef = CE0FF2901D3E2A2600962FB5 /* Errors.swift */; };
		CE0FF2931D3E3A5000962FB5 /* SystemConfiguration.framework in Frameworks */ = {isa = PBXBuildFile; fileRef = CE0FF2921D3E3A5000962FB5 /* SystemConfiguration.framework */; };
		CE0FF2951D3E3AA000962FB5 /* Reachability.swift in Sources */ = {isa = PBXBuildFile; fileRef = CE0FF2941D3E3AA000962FB5 /* Reachability.swift */; };
		CE268F1B1D3D2BFE0002EC77 /* FullScreenView.swift in Sources */ = {isa = PBXBuildFile; fileRef = CE268F1A1D3D2BFE0002EC77 /* FullScreenView.swift */; };
		CEC198A71D3CA10900BF7F5F /* Extensions.swift in Sources */ = {isa = PBXBuildFile; fileRef = CEC198A61D3CA10900BF7F5F /* Extensions.swift */; };
		CEC198AE1D3CA2FA00BF7F5F /* BaseView.swift in Sources */ = {isa = PBXBuildFile; fileRef = CEC198AB1D3CA2FA00BF7F5F /* BaseView.swift */; };
		CEC198AF1D3CA2FA00BF7F5F /* BaseTableCell.swift in Sources */ = {isa = PBXBuildFile; fileRef = CEC198AC1D3CA2FA00BF7F5F /* BaseTableCell.swift */; };
		CEC198B01D3CA2FA00BF7F5F /* BaseCollectionCell.swift in Sources */ = {isa = PBXBuildFile; fileRef = CEC198AD1D3CA2FA00BF7F5F /* BaseCollectionCell.swift */; };
		CEC198B31D3CA3AD00BF7F5F /* GalleryViewController.swift in Sources */ = {isa = PBXBuildFile; fileRef = CEC198B21D3CA3AD00BF7F5F /* GalleryViewController.swift */; };
		CEC198B51D3CA3D000BF7F5F /* GalleryViewModel.swift in Sources */ = {isa = PBXBuildFile; fileRef = CEC198B41D3CA3D000BF7F5F /* GalleryViewModel.swift */; };
		CEC198B81D3CA81800BF7F5F /* FlickrPhoto.swift in Sources */ = {isa = PBXBuildFile; fileRef = CEC198B71D3CA81800BF7F5F /* FlickrPhoto.swift */; };
		CEC198BB1D3CABD100BF7F5F /* FlickrPhotoTableViewCell.swift in Sources */ = {isa = PBXBuildFile; fileRef = CEC198BA1D3CABD100BF7F5F /* FlickrPhotoTableViewCell.swift */; };
		CEC198BD1D3CAEFF00BF7F5F /* FlickrPhotoTableHeaderView.swift in Sources */ = {isa = PBXBuildFile; fileRef = CEC198BC1D3CAEFF00BF7F5F /* FlickrPhotoTableHeaderView.swift */; };
		CEC198BF1D3CB1CF00BF7F5F /* FlickrPhotoDataCell.swift in Sources */ = {isa = PBXBuildFile; fileRef = CEC198BE1D3CB1CF00BF7F5F /* FlickrPhotoDataCell.swift */; };
		CEC198C11D3CBB6300BF7F5F /* FlickrPhotoCollectionViewCell.swift in Sources */ = {isa = PBXBuildFile; fileRef = CEC198C01D3CBB6300BF7F5F /* FlickrPhotoCollectionViewCell.swift */; };
		CEC198C31D3CCB9900BF7F5F /* FlickrPhotoSplitView.swift in Sources */ = {isa = PBXBuildFile; fileRef = CEC198C21D3CCB9900BF7F5F /* FlickrPhotoSplitView.swift */; };
		CEFB04501D3CCD6A00A1779D /* FlickrPhotoTableContainerCell.swift in Sources */ = {isa = PBXBuildFile; fileRef = CEFB044F1D3CCD6A00A1779D /* FlickrPhotoTableContainerCell.swift */; };
		CEFB04521D3CCE7A00A1779D /* FlickrPhotoTableView.swift in Sources */ = {isa = PBXBuildFile; fileRef = CEFB04511D3CCE7A00A1779D /* FlickrPhotoTableView.swift */; };
		CEFB04541D3CCFC600A1779D /* FlickrPhotoCollectionView.swift in Sources */ = {isa = PBXBuildFile; fileRef = CEFB04531D3CCFC600A1779D /* FlickrPhotoCollectionView.swift */; };
		CEFB04561D3CD09B00A1779D /* FlickrPhotoCollectionContainerCell.swift in Sources */ = {isa = PBXBuildFile; fileRef = CEFB04551D3CD09B00A1779D /* FlickrPhotoCollectionContainerCell.swift */; };
		CEFB04581D3CD96C00A1779D /* MenuBar.swift in Sources */ = {isa = PBXBuildFile; fileRef = CEFB04571D3CD96C00A1779D /* MenuBar.swift */; };
		CEFB045A1D3CDA0200A1779D /* MenuCell.swift in Sources */ = {isa = PBXBuildFile; fileRef = CEFB04591D3CDA0200A1779D /* MenuCell.swift */; };
		CEFB04611D3D0C8600A1779D /* MessageUI.framework in Frameworks */ = {isa = PBXBuildFile; fileRef = CEFB04601D3D0C8600A1779D /* MessageUI.framework */; };
		CEFB04631D3D0D1800A1779D /* Messages.framework in Frameworks */ = {isa = PBXBuildFile; fileRef = CEFB04621D3D0D1800A1779D /* Messages.framework */; };
/* End PBXBuildFile section */

/* Begin PBXContainerItemProxy section */
		CE09CE011D3B72AE00B04E5B /* PBXContainerItemProxy */ = {
			isa = PBXContainerItemProxy;
			containerPortal = CE09CDE41D3B72AE00B04E5B /* Project object */;
			proxyType = 1;
			remoteGlobalIDString = CE09CDEB1D3B72AE00B04E5B;
			remoteInfo = FlickrSpike;
		};
		CE09CE0C1D3B72AE00B04E5B /* PBXContainerItemProxy */ = {
			isa = PBXContainerItemProxy;
			containerPortal = CE09CDE41D3B72AE00B04E5B /* Project object */;
			proxyType = 1;
			remoteGlobalIDString = CE09CDEB1D3B72AE00B04E5B;
			remoteInfo = FlickrSpike;
		};
/* End PBXContainerItemProxy section */

/* Begin PBXFileReference section */
		CE09CDEC1D3B72AE00B04E5B /* FlickrSpike.app */ = {isa = PBXFileReference; explicitFileType = wrapper.application; includeInIndex = 0; path = FlickrSpike.app; sourceTree = BUILT_PRODUCTS_DIR; };
		CE09CDEF1D3B72AE00B04E5B /* AppDelegate.swift */ = {isa = PBXFileReference; lastKnownFileType = sourcecode.swift; path = AppDelegate.swift; sourceTree = "<group>"; };
		CE09CDF61D3B72AE00B04E5B /* Assets.xcassets */ = {isa = PBXFileReference; lastKnownFileType = folder.assetcatalog; path = Assets.xcassets; sourceTree = "<group>"; };
		CE09CDF91D3B72AE00B04E5B /* Base */ = {isa = PBXFileReference; lastKnownFileType = file.storyboard; name = Base; path = Base.lproj/LaunchScreen.storyboard; sourceTree = "<group>"; };
		CE09CDFB1D3B72AE00B04E5B /* Info.plist */ = {isa = PBXFileReference; lastKnownFileType = text.plist.xml; path = Info.plist; sourceTree = "<group>"; };
		CE09CE001D3B72AE00B04E5B /* FlickrSpikeTests.xctest */ = {isa = PBXFileReference; explicitFileType = wrapper.cfbundle; includeInIndex = 0; path = FlickrSpikeTests.xctest; sourceTree = BUILT_PRODUCTS_DIR; };
		CE09CE041D3B72AE00B04E5B /* FlickrSpikeTests.swift */ = {isa = PBXFileReference; lastKnownFileType = sourcecode.swift; path = FlickrSpikeTests.swift; sourceTree = "<group>"; };
		CE09CE061D3B72AE00B04E5B /* Info.plist */ = {isa = PBXFileReference; lastKnownFileType = text.plist.xml; path = Info.plist; sourceTree = "<group>"; };
		CE09CE0B1D3B72AE00B04E5B /* FlickrSpikeUITests.xctest */ = {isa = PBXFileReference; explicitFileType = wrapper.cfbundle; includeInIndex = 0; path = FlickrSpikeUITests.xctest; sourceTree = BUILT_PRODUCTS_DIR; };
		CE09CE0F1D3B72AE00B04E5B /* FlickrSpikeUITests.swift */ = {isa = PBXFileReference; lastKnownFileType = sourcecode.swift; path = FlickrSpikeUITests.swift; sourceTree = "<group>"; };
		CE09CE111D3B72AE00B04E5B /* Info.plist */ = {isa = PBXFileReference; lastKnownFileType = text.plist.xml; path = Info.plist; sourceTree = "<group>"; };
		CE09CE571D3B79DA00B04E5B /* Constants.swift */ = {isa = PBXFileReference; fileEncoding = 4; lastKnownFileType = sourcecode.swift; path = Constants.swift; sourceTree = "<group>"; };
		CE0FF28C1D3E145300962FB5 /* Strings.swift */ = {isa = PBXFileReference; fileEncoding = 4; lastKnownFileType = sourcecode.swift; path = Strings.swift; sourceTree = "<group>"; };
		CE0FF28E1D3E28DE00962FB5 /* ErrorMessageView.swift */ = {isa = PBXFileReference; fileEncoding = 4; lastKnownFileType = sourcecode.swift; path = ErrorMessageView.swift; sourceTree = "<group>"; };
		CE0FF2901D3E2A2600962FB5 /* Errors.swift */ = {isa = PBXFileReference; fileEncoding = 4; lastKnownFileType = sourcecode.swift; path = Errors.swift; sourceTree = "<group>"; };
		CE0FF2921D3E3A5000962FB5 /* SystemConfiguration.framework */ = {isa = PBXFileReference; lastKnownFileType = wrapper.framework; name = SystemConfiguration.framework; path = System/Library/Frameworks/SystemConfiguration.framework; sourceTree = SDKROOT; };
		CE0FF2941D3E3AA000962FB5 /* Reachability.swift */ = {isa = PBXFileReference; fileEncoding = 4; lastKnownFileType = sourcecode.swift; path = Reachability.swift; sourceTree = "<group>"; };
		CE268F1A1D3D2BFE0002EC77 /* FullScreenView.swift */ = {isa = PBXFileReference; fileEncoding = 4; lastKnownFileType = sourcecode.swift; path = FullScreenView.swift; sourceTree = "<group>"; };
		CEC198A61D3CA10900BF7F5F /* Extensions.swift */ = {isa = PBXFileReference; fileEncoding = 4; lastKnownFileType = sourcecode.swift; path = Extensions.swift; sourceTree = "<group>"; };
		CEC198AB1D3CA2FA00BF7F5F /* BaseView.swift */ = {isa = PBXFileReference; fileEncoding = 4; lastKnownFileType = sourcecode.swift; path = BaseView.swift; sourceTree = "<group>"; };
		CEC198AC1D3CA2FA00BF7F5F /* BaseTableCell.swift */ = {isa = PBXFileReference; fileEncoding = 4; lastKnownFileType = sourcecode.swift; path = BaseTableCell.swift; sourceTree = "<group>"; };
		CEC198AD1D3CA2FA00BF7F5F /* BaseCollectionCell.swift */ = {isa = PBXFileReference; fileEncoding = 4; lastKnownFileType = sourcecode.swift; path = BaseCollectionCell.swift; sourceTree = "<group>"; };
		CEC198B21D3CA3AD00BF7F5F /* GalleryViewController.swift */ = {isa = PBXFileReference; fileEncoding = 4; lastKnownFileType = sourcecode.swift; path = GalleryViewController.swift; sourceTree = "<group>"; };
		CEC198B41D3CA3D000BF7F5F /* GalleryViewModel.swift */ = {isa = PBXFileReference; fileEncoding = 4; lastKnownFileType = sourcecode.swift; path = GalleryViewModel.swift; sourceTree = "<group>"; };
		CEC198B71D3CA81800BF7F5F /* FlickrPhoto.swift */ = {isa = PBXFileReference; fileEncoding = 4; lastKnownFileType = sourcecode.swift; path = FlickrPhoto.swift; sourceTree = "<group>"; };
		CEC198BA1D3CABD100BF7F5F /* FlickrPhotoTableViewCell.swift */ = {isa = PBXFileReference; fileEncoding = 4; lastKnownFileType = sourcecode.swift; path = FlickrPhotoTableViewCell.swift; sourceTree = "<group>"; };
		CEC198BC1D3CAEFF00BF7F5F /* FlickrPhotoTableHeaderView.swift */ = {isa = PBXFileReference; fileEncoding = 4; lastKnownFileType = sourcecode.swift; path = FlickrPhotoTableHeaderView.swift; sourceTree = "<group>"; };
		CEC198BE1D3CB1CF00BF7F5F /* FlickrPhotoDataCell.swift */ = {isa = PBXFileReference; fileEncoding = 4; lastKnownFileType = sourcecode.swift; path = FlickrPhotoDataCell.swift; sourceTree = "<group>"; };
		CEC198C01D3CBB6300BF7F5F /* FlickrPhotoCollectionViewCell.swift */ = {isa = PBXFileReference; fileEncoding = 4; lastKnownFileType = sourcecode.swift; path = FlickrPhotoCollectionViewCell.swift; sourceTree = "<group>"; };
		CEC198C21D3CCB9900BF7F5F /* FlickrPhotoSplitView.swift */ = {isa = PBXFileReference; fileEncoding = 4; lastKnownFileType = sourcecode.swift; path = FlickrPhotoSplitView.swift; sourceTree = "<group>"; };
		CEFB044F1D3CCD6A00A1779D /* FlickrPhotoTableContainerCell.swift */ = {isa = PBXFileReference; fileEncoding = 4; lastKnownFileType = sourcecode.swift; path = FlickrPhotoTableContainerCell.swift; sourceTree = "<group>"; };
		CEFB04511D3CCE7A00A1779D /* FlickrPhotoTableView.swift */ = {isa = PBXFileReference; fileEncoding = 4; lastKnownFileType = sourcecode.swift; path = FlickrPhotoTableView.swift; sourceTree = "<group>"; };
		CEFB04531D3CCFC600A1779D /* FlickrPhotoCollectionView.swift */ = {isa = PBXFileReference; fileEncoding = 4; lastKnownFileType = sourcecode.swift; path = FlickrPhotoCollectionView.swift; sourceTree = "<group>"; };
		CEFB04551D3CD09B00A1779D /* FlickrPhotoCollectionContainerCell.swift */ = {isa = PBXFileReference; fileEncoding = 4; lastKnownFileType = sourcecode.swift; path = FlickrPhotoCollectionContainerCell.swift; sourceTree = "<group>"; };
		CEFB04571D3CD96C00A1779D /* MenuBar.swift */ = {isa = PBXFileReference; fileEncoding = 4; lastKnownFileType = sourcecode.swift; path = MenuBar.swift; sourceTree = "<group>"; };
		CEFB04591D3CDA0200A1779D /* MenuCell.swift */ = {isa = PBXFileReference; fileEncoding = 4; lastKnownFileType = sourcecode.swift; path = MenuCell.swift; sourceTree = "<group>"; };
		CEFB04601D3D0C8600A1779D /* MessageUI.framework */ = {isa = PBXFileReference; lastKnownFileType = wrapper.framework; name = MessageUI.framework; path = System/Library/Frameworks/MessageUI.framework; sourceTree = SDKROOT; };
		CEFB04621D3D0D1800A1779D /* Messages.framework */ = {isa = PBXFileReference; lastKnownFileType = wrapper.framework; name = Messages.framework; path = System/Library/Frameworks/Messages.framework; sourceTree = SDKROOT; };
/* End PBXFileReference section */

/* Begin PBXFrameworksBuildPhase section */
		CE09CDE91D3B72AE00B04E5B /* Frameworks */ = {
			isa = PBXFrameworksBuildPhase;
			buildActionMask = 2147483647;
			files = (
				CE0FF2931D3E3A5000962FB5 /* SystemConfiguration.framework in Frameworks */,
				CEFB04631D3D0D1800A1779D /* Messages.framework in Frameworks */,
				CEFB04611D3D0C8600A1779D /* MessageUI.framework in Frameworks */,
			);
			runOnlyForDeploymentPostprocessing = 0;
		};
		CE09CDFD1D3B72AE00B04E5B /* Frameworks */ = {
			isa = PBXFrameworksBuildPhase;
			buildActionMask = 2147483647;
			files = (
			);
			runOnlyForDeploymentPostprocessing = 0;
		};
		CE09CE081D3B72AE00B04E5B /* Frameworks */ = {
			isa = PBXFrameworksBuildPhase;
			buildActionMask = 2147483647;
			files = (
			);
			runOnlyForDeploymentPostprocessing = 0;
		};
/* End PBXFrameworksBuildPhase section */

/* Begin PBXGroup section */
		CE09CDE31D3B72AE00B04E5B = {
			isa = PBXGroup;
			children = (
				CE09CDEE1D3B72AE00B04E5B /* FlickrSpike */,
				CE09CE031D3B72AE00B04E5B /* FlickrSpikeTests */,
				CE09CE0E1D3B72AE00B04E5B /* FlickrSpikeUITests */,
				CE09CDED1D3B72AE00B04E5B /* Products */,
				CEFB045F1D3D0C8600A1779D /* Frameworks */,
			);
			sourceTree = "<group>";
		};
		CE09CDED1D3B72AE00B04E5B /* Products */ = {
			isa = PBXGroup;
			children = (
				CE09CDEC1D3B72AE00B04E5B /* FlickrSpike.app */,
				CE09CE001D3B72AE00B04E5B /* FlickrSpikeTests.xctest */,
				CE09CE0B1D3B72AE00B04E5B /* FlickrSpikeUITests.xctest */,
			);
			name = Products;
			sourceTree = "<group>";
		};
		CE09CDEE1D3B72AE00B04E5B /* FlickrSpike */ = {
			isa = PBXGroup;
			children = (
				CE0FF2941D3E3AA000962FB5 /* Reachability.swift */,
				CEC198A91D3CA2C500BF7F5F /* Asset */,
				CEC198A81D3CA2B300BF7F5F /* Helper */,
				CEC198B11D3CA2FE00BF7F5F /* View */,
				CEC198B91D3CA81C00BF7F5F /* Model */,
				CEC198B61D3CA3D300BF7F5F /* ViewModel */,
				CEC198AA1D3CA2CC00BF7F5F /* Controller */,
			);
			path = FlickrSpike;
			sourceTree = "<group>";
		};
		CE09CE031D3B72AE00B04E5B /* FlickrSpikeTests */ = {
			isa = PBXGroup;
			children = (
				CE09CE041D3B72AE00B04E5B /* FlickrSpikeTests.swift */,
				CE09CE061D3B72AE00B04E5B /* Info.plist */,
			);
			path = FlickrSpikeTests;
			sourceTree = "<group>";
		};
		CE09CE0E1D3B72AE00B04E5B /* FlickrSpikeUITests */ = {
			isa = PBXGroup;
			children = (
				CE09CE0F1D3B72AE00B04E5B /* FlickrSpikeUITests.swift */,
				CE09CE111D3B72AE00B04E5B /* Info.plist */,
			);
			path = FlickrSpikeUITests;
			sourceTree = "<group>";
		};
		CE268F161D3D28AC0002EC77 /* Split View */ = {
			isa = PBXGroup;
			children = (
				CEC198C21D3CCB9900BF7F5F /* FlickrPhotoSplitView.swift */,
				CE268F191D3D28D70002EC77 /* Menu Bar */,
				CE268F171D3D28C40002EC77 /* Table View */,
				CE268F181D3D28CB0002EC77 /* Collection View */,
			);
			name = "Split View";
			sourceTree = "<group>";
		};
		CE268F171D3D28C40002EC77 /* Table View */ = {
			isa = PBXGroup;
			children = (
				CEFB044F1D3CCD6A00A1779D /* FlickrPhotoTableContainerCell.swift */,
				CEFB04511D3CCE7A00A1779D /* FlickrPhotoTableView.swift */,
				CEC198BC1D3CAEFF00BF7F5F /* FlickrPhotoTableHeaderView.swift */,
				CEC198BA1D3CABD100BF7F5F /* FlickrPhotoTableViewCell.swift */,
				CEC198BE1D3CB1CF00BF7F5F /* FlickrPhotoDataCell.swift */,
			);
			name = "Table View";
			sourceTree = "<group>";
		};
		CE268F181D3D28CB0002EC77 /* Collection View */ = {
			isa = PBXGroup;
			children = (
				CEFB04551D3CD09B00A1779D /* FlickrPhotoCollectionContainerCell.swift */,
				CEFB04531D3CCFC600A1779D /* FlickrPhotoCollectionView.swift */,
				CEC198C01D3CBB6300BF7F5F /* FlickrPhotoCollectionViewCell.swift */,
			);
			name = "Collection View";
			sourceTree = "<group>";
		};
		CE268F191D3D28D70002EC77 /* Menu Bar */ = {
			isa = PBXGroup;
			children = (
				CEFB04571D3CD96C00A1779D /* MenuBar.swift */,
				CEFB04591D3CDA0200A1779D /* MenuCell.swift */,
			);
			name = "Menu Bar";
			sourceTree = "<group>";
		};
		CEC198A81D3CA2B300BF7F5F /* Helper */ = {
			isa = PBXGroup;
			children = (
				CE0FF28C1D3E145300962FB5 /* Strings.swift */,
				CE09CE571D3B79DA00B04E5B /* Constants.swift */,
				CEC198A61D3CA10900BF7F5F /* Extensions.swift */,
				CE0FF2901D3E2A2600962FB5 /* Errors.swift */,
			);
			name = Helper;
			sourceTree = "<group>";
		};
		CEC198A91D3CA2C500BF7F5F /* Asset */ = {
			isa = PBXGroup;
			children = (
				CE09CDEF1D3B72AE00B04E5B /* AppDelegate.swift */,
				CE09CDF61D3B72AE00B04E5B /* Assets.xcassets */,
				CE09CDF81D3B72AE00B04E5B /* LaunchScreen.storyboard */,
				CE09CDFB1D3B72AE00B04E5B /* Info.plist */,
			);
			name = Asset;
			sourceTree = "<group>";
		};
		CEC198AA1D3CA2CC00BF7F5F /* Controller */ = {
			isa = PBXGroup;
			children = (
				CEC198B21D3CA3AD00BF7F5F /* GalleryViewController.swift */,
			);
			name = Controller;
			sourceTree = "<group>";
		};
		CEC198B11D3CA2FE00BF7F5F /* View */ = {
			isa = PBXGroup;
			children = (
				CE268F1A1D3D2BFE0002EC77 /* FullScreenView.swift */,
				CE0FF28E1D3E28DE00962FB5 /* ErrorMessageView.swift */,
				CEFB045B1D3CE52000A1779D /* Base Views */,
				CE268F161D3D28AC0002EC77 /* Split View */,
			);
			name = View;
			sourceTree = "<group>";
		};
		CEC198B61D3CA3D300BF7F5F /* ViewModel */ = {
			isa = PBXGroup;
			children = (
				CEC198B41D3CA3D000BF7F5F /* GalleryViewModel.swift */,
			);
			name = ViewModel;
			sourceTree = "<group>";
		};
		CEC198B91D3CA81C00BF7F5F /* Model */ = {
			isa = PBXGroup;
			children = (
				CEC198B71D3CA81800BF7F5F /* FlickrPhoto.swift */,
			);
			name = Model;
			sourceTree = "<group>";
		};
		CEFB045B1D3CE52000A1779D /* Base Views */ = {
			isa = PBXGroup;
			children = (
				CEC198AB1D3CA2FA00BF7F5F /* BaseView.swift */,
				CEC198AC1D3CA2FA00BF7F5F /* BaseTableCell.swift */,
				CEC198AD1D3CA2FA00BF7F5F /* BaseCollectionCell.swift */,
			);
			name = "Base Views";
			sourceTree = "<group>";
		};
		CEFB045F1D3D0C8600A1779D /* Frameworks */ = {
			isa = PBXGroup;
			children = (
				CE0FF2921D3E3A5000962FB5 /* SystemConfiguration.framework */,
				CEFB04621D3D0D1800A1779D /* Messages.framework */,
				CEFB04601D3D0C8600A1779D /* MessageUI.framework */,
			);
			name = Frameworks;
			sourceTree = "<group>";
		};
/* End PBXGroup section */

/* Begin PBXNativeTarget section */
		CE09CDEB1D3B72AE00B04E5B /* FlickrSpike */ = {
			isa = PBXNativeTarget;
			buildConfigurationList = CE09CE141D3B72AE00B04E5B /* Build configuration list for PBXNativeTarget "FlickrSpike" */;
			buildPhases = (
				CE09CDE81D3B72AE00B04E5B /* Sources */,
				CE09CDE91D3B72AE00B04E5B /* Frameworks */,
				CE09CDEA1D3B72AE00B04E5B /* Resources */,
			);
			buildRules = (
			);
			dependencies = (
			);
			name = FlickrSpike;
			productName = FlickrSpike;
			productReference = CE09CDEC1D3B72AE00B04E5B /* FlickrSpike.app */;
			productType = "com.apple.product-type.application";
		};
		CE09CDFF1D3B72AE00B04E5B /* FlickrSpikeTests */ = {
			isa = PBXNativeTarget;
			buildConfigurationList = CE09CE171D3B72AE00B04E5B /* Build configuration list for PBXNativeTarget "FlickrSpikeTests" */;
			buildPhases = (
				CE09CDFC1D3B72AE00B04E5B /* Sources */,
				CE09CDFD1D3B72AE00B04E5B /* Frameworks */,
				CE09CDFE1D3B72AE00B04E5B /* Resources */,
			);
			buildRules = (
			);
			dependencies = (
				CE09CE021D3B72AE00B04E5B /* PBXTargetDependency */,
			);
			name = FlickrSpikeTests;
			productName = FlickrSpikeTests;
			productReference = CE09CE001D3B72AE00B04E5B /* FlickrSpikeTests.xctest */;
			productType = "com.apple.product-type.bundle.unit-test";
		};
		CE09CE0A1D3B72AE00B04E5B /* FlickrSpikeUITests */ = {
			isa = PBXNativeTarget;
			buildConfigurationList = CE09CE1A1D3B72AE00B04E5B /* Build configuration list for PBXNativeTarget "FlickrSpikeUITests" */;
			buildPhases = (
				CE09CE071D3B72AE00B04E5B /* Sources */,
				CE09CE081D3B72AE00B04E5B /* Frameworks */,
				CE09CE091D3B72AE00B04E5B /* Resources */,
			);
			buildRules = (
			);
			dependencies = (
				CE09CE0D1D3B72AE00B04E5B /* PBXTargetDependency */,
			);
			name = FlickrSpikeUITests;
			productName = FlickrSpikeUITests;
			productReference = CE09CE0B1D3B72AE00B04E5B /* FlickrSpikeUITests.xctest */;
			productType = "com.apple.product-type.bundle.ui-testing";
		};
/* End PBXNativeTarget section */

/* Begin PBXProject section */
		CE09CDE41D3B72AE00B04E5B /* Project object */ = {
			isa = PBXProject;
			attributes = {
				LastSwiftUpdateCheck = 0800;
				LastUpgradeCheck = 0800;
				ORGANIZATIONNAME = "Gagandeep Singh";
				TargetAttributes = {
					CE09CDEB1D3B72AE00B04E5B = {
						CreatedOnToolsVersion = 8.0;
						DevelopmentTeam = EAN9592EK4;
						DevelopmentTeamName = "Gagandeep Singh";
						ProvisioningStyle = Automatic;
					};
					CE09CDFF1D3B72AE00B04E5B = {
						CreatedOnToolsVersion = 8.0;
						DevelopmentTeam = EAN9592EK4;
						DevelopmentTeamName = "Gagandeep Singh";
						ProvisioningStyle = Automatic;
						TestTargetID = CE09CDEB1D3B72AE00B04E5B;
					};
					CE09CE0A1D3B72AE00B04E5B = {
						CreatedOnToolsVersion = 8.0;
						DevelopmentTeam = EAN9592EK4;
						DevelopmentTeamName = "Gagandeep Singh";
						ProvisioningStyle = Automatic;
						TestTargetID = CE09CDEB1D3B72AE00B04E5B;
					};
				};
			};
			buildConfigurationList = CE09CDE71D3B72AE00B04E5B /* Build configuration list for PBXProject "FlickrSpike" */;
			compatibilityVersion = "Xcode 3.2";
			developmentRegion = English;
			hasScannedForEncodings = 0;
			knownRegions = (
				en,
				Base,
			);
			mainGroup = CE09CDE31D3B72AE00B04E5B;
			productRefGroup = CE09CDED1D3B72AE00B04E5B /* Products */;
			projectDirPath = "";
			projectRoot = "";
			targets = (
				CE09CDEB1D3B72AE00B04E5B /* FlickrSpike */,
				CE09CDFF1D3B72AE00B04E5B /* FlickrSpikeTests */,
				CE09CE0A1D3B72AE00B04E5B /* FlickrSpikeUITests */,
			);
		};
/* End PBXProject section */

/* Begin PBXResourcesBuildPhase section */
		CE09CDEA1D3B72AE00B04E5B /* Resources */ = {
			isa = PBXResourcesBuildPhase;
			buildActionMask = 2147483647;
			files = (
				CE09CDFA1D3B72AE00B04E5B /* LaunchScreen.storyboard in Resources */,
				CE09CDF71D3B72AE00B04E5B /* Assets.xcassets in Resources */,
			);
			runOnlyForDeploymentPostprocessing = 0;
		};
		CE09CDFE1D3B72AE00B04E5B /* Resources */ = {
			isa = PBXResourcesBuildPhase;
			buildActionMask = 2147483647;
			files = (
			);
			runOnlyForDeploymentPostprocessing = 0;
		};
		CE09CE091D3B72AE00B04E5B /* Resources */ = {
			isa = PBXResourcesBuildPhase;
			buildActionMask = 2147483647;
			files = (
			);
			runOnlyForDeploymentPostprocessing = 0;
		};
/* End PBXResourcesBuildPhase section */

/* Begin PBXSourcesBuildPhase section */
		CE09CDE81D3B72AE00B04E5B /* Sources */ = {
			isa = PBXSourcesBuildPhase;
			buildActionMask = 2147483647;
			files = (
				CE09CDF01D3B72AE00B04E5B /* AppDelegate.swift in Sources */,
				CEC198B31D3CA3AD00BF7F5F /* GalleryViewController.swift in Sources */,
				CE09CE581D3B79DA00B04E5B /* Constants.swift in Sources */,
				CEFB04501D3CCD6A00A1779D /* FlickrPhotoTableContainerCell.swift in Sources */,
				CE0FF2911D3E2A2600962FB5 /* Errors.swift in Sources */,
				CE0FF28F1D3E28DE00962FB5 /* ErrorMessageView.swift in Sources */,
				CEC198BF1D3CB1CF00BF7F5F /* FlickrPhotoDataCell.swift in Sources */,
				CEC198BB1D3CABD100BF7F5F /* FlickrPhotoTableViewCell.swift in Sources */,
				CEFB045A1D3CDA0200A1779D /* MenuCell.swift in Sources */,
				CEFB04521D3CCE7A00A1779D /* FlickrPhotoTableView.swift in Sources */,
				CEC198AF1D3CA2FA00BF7F5F /* BaseTableCell.swift in Sources */,
				CEC198C31D3CCB9900BF7F5F /* FlickrPhotoSplitView.swift in Sources */,
				CEC198B81D3CA81800BF7F5F /* FlickrPhoto.swift in Sources */,
				CEFB04561D3CD09B00A1779D /* FlickrPhotoCollectionContainerCell.swift in Sources */,
				CE0FF28D1D3E145300962FB5 /* Strings.swift in Sources */,
				CEC198C11D3CBB6300BF7F5F /* FlickrPhotoCollectionViewCell.swift in Sources */,
				CEFB04581D3CD96C00A1779D /* MenuBar.swift in Sources */,
				CEC198BD1D3CAEFF00BF7F5F /* FlickrPhotoTableHeaderView.swift in Sources */,
				CEC198A71D3CA10900BF7F5F /* Extensions.swift in Sources */,
				CEC198B51D3CA3D000BF7F5F /* GalleryViewModel.swift in Sources */,
				CEC198B01D3CA2FA00BF7F5F /* BaseCollectionCell.swift in Sources */,
				CE268F1B1D3D2BFE0002EC77 /* FullScreenView.swift in Sources */,
				CEFB04541D3CCFC600A1779D /* FlickrPhotoCollectionView.swift in Sources */,
				CE0FF2951D3E3AA000962FB5 /* Reachability.swift in Sources */,
				CEC198AE1D3CA2FA00BF7F5F /* BaseView.swift in Sources */,
			);
			runOnlyForDeploymentPostprocessing = 0;
		};
		CE09CDFC1D3B72AE00B04E5B /* Sources */ = {
			isa = PBXSourcesBuildPhase;
			buildActionMask = 2147483647;
			files = (
				CE09CE051D3B72AE00B04E5B /* FlickrSpikeTests.swift in Sources */,
			);
			runOnlyForDeploymentPostprocessing = 0;
		};
		CE09CE071D3B72AE00B04E5B /* Sources */ = {
			isa = PBXSourcesBuildPhase;
			buildActionMask = 2147483647;
			files = (
				CE09CE101D3B72AE00B04E5B /* FlickrSpikeUITests.swift in Sources */,
			);
			runOnlyForDeploymentPostprocessing = 0;
		};
/* End PBXSourcesBuildPhase section */

/* Begin PBXTargetDependency section */
		CE09CE021D3B72AE00B04E5B /* PBXTargetDependency */ = {
			isa = PBXTargetDependency;
			target = CE09CDEB1D3B72AE00B04E5B /* FlickrSpike */;
			targetProxy = CE09CE011D3B72AE00B04E5B /* PBXContainerItemProxy */;
		};
		CE09CE0D1D3B72AE00B04E5B /* PBXTargetDependency */ = {
			isa = PBXTargetDependency;
			target = CE09CDEB1D3B72AE00B04E5B /* FlickrSpike */;
			targetProxy = CE09CE0C1D3B72AE00B04E5B /* PBXContainerItemProxy */;
		};
/* End PBXTargetDependency section */

/* Begin PBXVariantGroup section */
		CE09CDF81D3B72AE00B04E5B /* LaunchScreen.storyboard */ = {
			isa = PBXVariantGroup;
			children = (
				CE09CDF91D3B72AE00B04E5B /* Base */,
			);
			name = LaunchScreen.storyboard;
			sourceTree = "<group>";
		};
/* End PBXVariantGroup section */

/* Begin XCBuildConfiguration section */
		CE09CE121D3B72AE00B04E5B /* Debug */ = {
			isa = XCBuildConfiguration;
			buildSettings = {
				ALWAYS_SEARCH_USER_PATHS = NO;
				CLANG_ANALYZER_NONNULL = YES;
				CLANG_CXX_LANGUAGE_STANDARD = "gnu++0x";
				CLANG_CXX_LIBRARY = "libc++";
				CLANG_ENABLE_MODULES = YES;
				CLANG_ENABLE_OBJC_ARC = YES;
				CLANG_WARN_BOOL_CONVERSION = YES;
				CLANG_WARN_CONSTANT_CONVERSION = YES;
				CLANG_WARN_DIRECT_OBJC_ISA_USAGE = YES_ERROR;
				CLANG_WARN_DOCUMENTATION_COMMENTS = YES;
				CLANG_WARN_EMPTY_BODY = YES;
				CLANG_WARN_ENUM_CONVERSION = YES;
				CLANG_WARN_INT_CONVERSION = YES;
				CLANG_WARN_OBJC_ROOT_CLASS = YES_ERROR;
				CLANG_WARN_UNREACHABLE_CODE = YES;
				CLANG_WARN__DUPLICATE_METHOD_MATCH = YES;
				"CODE_SIGN_IDENTITY[sdk=iphoneos*]" = "iPhone Developer";
				COPY_PHASE_STRIP = NO;
				DEBUG_INFORMATION_FORMAT = dwarf;
				ENABLE_STRICT_OBJC_MSGSEND = YES;
				ENABLE_TESTABILITY = YES;
				GCC_C_LANGUAGE_STANDARD = gnu99;
				GCC_DYNAMIC_NO_PIC = NO;
				GCC_NO_COMMON_BLOCKS = YES;
				GCC_OPTIMIZATION_LEVEL = 0;
				GCC_PREPROCESSOR_DEFINITIONS = (
					"DEBUG=1",
					"$(inherited)",
				);
				GCC_WARN_64_TO_32_BIT_CONVERSION = YES;
				GCC_WARN_ABOUT_RETURN_TYPE = YES_ERROR;
				GCC_WARN_UNDECLARED_SELECTOR = YES;
				GCC_WARN_UNINITIALIZED_AUTOS = YES_AGGRESSIVE;
				GCC_WARN_UNUSED_FUNCTION = YES;
				GCC_WARN_UNUSED_VARIABLE = YES;
				IPHONEOS_DEPLOYMENT_TARGET = 10.0;
				MTL_ENABLE_DEBUG_INFO = YES;
				ONLY_ACTIVE_ARCH = YES;
				SDKROOT = iphoneos;
				SWIFT_ACTIVE_COMPILATION_CONDITIONS = DEBUG;
				SWIFT_OPTIMIZATION_LEVEL = "-Onone";
				TARGETED_DEVICE_FAMILY = "1,2";
			};
			name = Debug;
		};
		CE09CE131D3B72AE00B04E5B /* Release */ = {
			isa = XCBuildConfiguration;
			buildSettings = {
				ALWAYS_SEARCH_USER_PATHS = NO;
				CLANG_ANALYZER_NONNULL = YES;
				CLANG_CXX_LANGUAGE_STANDARD = "gnu++0x";
				CLANG_CXX_LIBRARY = "libc++";
				CLANG_ENABLE_MODULES = YES;
				CLANG_ENABLE_OBJC_ARC = YES;
				CLANG_WARN_BOOL_CONVERSION = YES;
				CLANG_WARN_CONSTANT_CONVERSION = YES;
				CLANG_WARN_DIRECT_OBJC_ISA_USAGE = YES_ERROR;
				CLANG_WARN_DOCUMENTATION_COMMENTS = YES;
				CLANG_WARN_EMPTY_BODY = YES;
				CLANG_WARN_ENUM_CONVERSION = YES;
				CLANG_WARN_INT_CONVERSION = YES;
				CLANG_WARN_OBJC_ROOT_CLASS = YES_ERROR;
				CLANG_WARN_UNREACHABLE_CODE = YES;
				CLANG_WARN__DUPLICATE_METHOD_MATCH = YES;
				"CODE_SIGN_IDENTITY[sdk=iphoneos*]" = "iPhone Developer";
				COPY_PHASE_STRIP = NO;
				DEBUG_INFORMATION_FORMAT = "dwarf-with-dsym";
				ENABLE_NS_ASSERTIONS = NO;
				ENABLE_STRICT_OBJC_MSGSEND = YES;
				GCC_C_LANGUAGE_STANDARD = gnu99;
				GCC_NO_COMMON_BLOCKS = YES;
				GCC_WARN_64_TO_32_BIT_CONVERSION = YES;
				GCC_WARN_ABOUT_RETURN_TYPE = YES_ERROR;
				GCC_WARN_UNDECLARED_SELECTOR = YES;
				GCC_WARN_UNINITIALIZED_AUTOS = YES_AGGRESSIVE;
				GCC_WARN_UNUSED_FUNCTION = YES;
				GCC_WARN_UNUSED_VARIABLE = YES;
				IPHONEOS_DEPLOYMENT_TARGET = 10.0;
				MTL_ENABLE_DEBUG_INFO = NO;
				SDKROOT = iphoneos;
				SWIFT_OPTIMIZATION_LEVEL = "-Owholemodule";
				TARGETED_DEVICE_FAMILY = "1,2";
				VALIDATE_PRODUCT = YES;
			};
			name = Release;
		};
		CE09CE151D3B72AE00B04E5B /* Debug */ = {
			isa = XCBuildConfiguration;
			buildSettings = {
				ASSETCATALOG_COMPILER_APPICON_NAME = AppIcon;
				INFOPLIST_FILE = FlickrSpike/Info.plist;
				LD_RUNPATH_SEARCH_PATHS = "$(inherited) @executable_path/Frameworks";
				PRODUCT_BUNDLE_IDENTIFIER = com.gagandeep.FlickrSpike;
				PRODUCT_NAME = "$(TARGET_NAME)";
				SWIFT_VERSION = 3.0;
				TARGETED_DEVICE_FAMILY = "1,2";
			};
			name = Debug;
		};
		CE09CE161D3B72AE00B04E5B /* Release */ = {
			isa = XCBuildConfiguration;
			buildSettings = {
				ASSETCATALOG_COMPILER_APPICON_NAME = AppIcon;
				INFOPLIST_FILE = FlickrSpike/Info.plist;
				LD_RUNPATH_SEARCH_PATHS = "$(inherited) @executable_path/Frameworks";
				PRODUCT_BUNDLE_IDENTIFIER = com.gagandeep.FlickrSpike;
				PRODUCT_NAME = "$(TARGET_NAME)";
				SWIFT_VERSION = 3.0;
				TARGETED_DEVICE_FAMILY = "1,2";
			};
			name = Release;
		};
		CE09CE181D3B72AE00B04E5B /* Debug */ = {
			isa = XCBuildConfiguration;
			buildSettings = {
				BUNDLE_LOADER = "$(TEST_HOST)";
				INFOPLIST_FILE = FlickrSpikeTests/Info.plist;
				LD_RUNPATH_SEARCH_PATHS = "$(inherited) @executable_path/Frameworks @loader_path/Frameworks";
				PRODUCT_BUNDLE_IDENTIFIER = com.gagandeep.FlickrSpikeTests;
				PRODUCT_NAME = "$(TARGET_NAME)";
				SWIFT_VERSION = 3.0;
				TEST_HOST = "$(BUILT_PRODUCTS_DIR)/FlickrSpike.app/FlickrSpike";
			};
			name = Debug;
		};
		CE09CE191D3B72AE00B04E5B /* Release */ = {
			isa = XCBuildConfiguration;
			buildSettings = {
				BUNDLE_LOADER = "$(TEST_HOST)";
				INFOPLIST_FILE = FlickrSpikeTests/Info.plist;
				LD_RUNPATH_SEARCH_PATHS = "$(inherited) @executable_path/Frameworks @loader_path/Frameworks";
				PRODUCT_BUNDLE_IDENTIFIER = com.gagandeep.FlickrSpikeTests;
				PRODUCT_NAME = "$(TARGET_NAME)";
				SWIFT_VERSION = 3.0;
				TEST_HOST = "$(BUILT_PRODUCTS_DIR)/FlickrSpike.app/FlickrSpike";
			};
			name = Release;
		};
		CE09CE1B1D3B72AE00B04E5B /* Debug */ = {
			isa = XCBuildConfiguration;
			buildSettings = {
				INFOPLIST_FILE = FlickrSpikeUITests/Info.plist;
				LD_RUNPATH_SEARCH_PATHS = "$(inherited) @executable_path/Frameworks @loader_path/Frameworks";
				PRODUCT_BUNDLE_IDENTIFIER = com.gagandeep.FlickrSpikeUITests;
				PRODUCT_NAME = "$(TARGET_NAME)";
				SWIFT_VERSION = 3.0;
				TEST_TARGET_NAME = FlickrSpike;
			};
			name = Debug;
		};
		CE09CE1C1D3B72AE00B04E5B /* Release */ = {
			isa = XCBuildConfiguration;
			buildSettings = {
				INFOPLIST_FILE = FlickrSpikeUITests/Info.plist;
				LD_RUNPATH_SEARCH_PATHS = "$(inherited) @executable_path/Frameworks @loader_path/Frameworks";
				PRODUCT_BUNDLE_IDENTIFIER = com.gagandeep.FlickrSpikeUITests;
				PRODUCT_NAME = "$(TARGET_NAME)";
				SWIFT_VERSION = 3.0;
				TEST_TARGET_NAME = FlickrSpike;
			};
			name = Release;
		};
/* End XCBuildConfiguration section */

/* Begin XCConfigurationList section */
		CE09CDE71D3B72AE00B04E5B /* Build configuration list for PBXProject "FlickrSpike" */ = {
			isa = XCConfigurationList;
			buildConfigurations = (
				CE09CE121D3B72AE00B04E5B /* Debug */,
				CE09CE131D3B72AE00B04E5B /* Release */,
			);
			defaultConfigurationIsVisible = 0;
			defaultConfigurationName = Release;
		};
		CE09CE141D3B72AE00B04E5B /* Build configuration list for PBXNativeTarget "FlickrSpike" */ = {
			isa = XCConfigurationList;
			buildConfigurations = (
				CE09CE151D3B72AE00B04E5B /* Debug */,
				CE09CE161D3B72AE00B04E5B /* Release */,
			);
			defaultConfigurationIsVisible = 0;
			defaultConfigurationName = Release;
		};
		CE09CE171D3B72AE00B04E5B /* Build configuration list for PBXNativeTarget "FlickrSpikeTests" */ = {
			isa = XCConfigurationList;
			buildConfigurations = (
				CE09CE181D3B72AE00B04E5B /* Debug */,
				CE09CE191D3B72AE00B04E5B /* Release */,
			);
			defaultConfigurationIsVisible = 0;
			defaultConfigurationName = Release;
		};
		CE09CE1A1D3B72AE00B04E5B /* Build configuration list for PBXNativeTarget "FlickrSpikeUITests" */ = {
			isa = XCConfigurationList;
			buildConfigurations = (
				CE09CE1B1D3B72AE00B04E5B /* Debug */,
				CE09CE1C1D3B72AE00B04E5B /* Release */,
			);
			defaultConfigurationIsVisible = 0;
			defaultConfigurationName = Release;
		};
/* End XCConfigurationList section */
	};
	rootObject = CE09CDE41D3B72AE00B04E5B /* Project object */;
}
